{
  "name": "lifx-spooky",
  "version": "1.0.0",
  "lockfileVersion": 1,
  "requires": true,
  "dependencies": {
    "node-lifx-lan": {
      "version": "0.4.0",
      "resolved": "https://registry.npmjs.org/node-lifx-lan/-/node-lifx-lan-0.4.0.tgz",
      "integrity": "sha512-31t5SnJ8iYw7m1g76FGa+8QmM7aT/bxJ03sgqxeM5GtYZi3SVxeamyFZVOwZE+N8o11JGQzaBWzhbTXA6v0WQA=="
    }
  }
}
